
Microsoft Visual Studio Solution File, Format Version 12.00
# Visual Studio Version 17
VisualStudioVersion = 17.11.35327.3
MinimumVisualStudioVersion = 10.0.40219.1
Project("{FAE04EC0-301F-11D3-BF4B-00C04F79EFBC}") = "DZ2810", "DZ2810\DZ2810.csproj", "{66D48468-22EB-4569-B895-2F9499D80A6C}"
EndProject
Global
	GlobalSection(SolutionConfigurationPlatforms) = preSolution
		Debug|Any CPU = Debug|Any CPU
		Release|Any CPU = Release|Any CPU
	EndGlobalSection
	GlobalSection(ProjectConfigurationPlatforms) = postSolution
		{66D48468-22EB-4569-B895-2F9499D80A6C}.Debug|Any CPU.ActiveCfg = Debug|Any CPU
		{66D48468-22EB-4569-B895-2F9499D80A6C}.Debug|Any CPU.Build.0 = Debug|Any CPU
		{66D48468-22EB-4569-B895-2F9499D80A6C}.Release|Any CPU.ActiveCfg = Release|Any CPU
		{66D48468-22EB-4569-B895-2F9499D80A6C}.Release|Any CPU.Build.0 = Release|Any CPU
	EndGlobalSection
	GlobalSection(SolutionProperties) = preSolution
		HideSolutionNode = FALSE
	EndGlobalSection
	GlobalSection(ExtensibilityGlobals) = postSolution
		SolutionGuid = {D790312F-25E3-41B4-8C76-709A86AC52AE}
	EndGlobalSection
EndGlobal
