
Microsoft Visual Studio Solution File, Format Version 12.00
# Visual Studio Version 17
VisualStudioVersion = 17.11.35327.3
MinimumVisualStudioVersion = 10.0.40219.1
Project("{FAE04EC0-301F-11D3-BF4B-00C04F79EFBC}") = "CZ1111", "CZ1111\CZ1111.csproj", "{CABEC99F-C756-4884-AA28-788FBBBAD243}"
EndProject
Global
	GlobalSection(SolutionConfigurationPlatforms) = preSolution
		Debug|Any CPU = Debug|Any CPU
		Release|Any CPU = Release|Any CPU
	EndGlobalSection
	GlobalSection(ProjectConfigurationPlatforms) = postSolution
		{CABEC99F-C756-4884-AA28-788FBBBAD243}.Debug|Any CPU.ActiveCfg = Debug|Any CPU
		{CABEC99F-C756-4884-AA28-788FBBBAD243}.Debug|Any CPU.Build.0 = Debug|Any CPU
		{CABEC99F-C756-4884-AA28-788FBBBAD243}.Release|Any CPU.ActiveCfg = Release|Any CPU
		{CABEC99F-C756-4884-AA28-788FBBBAD243}.Release|Any CPU.Build.0 = Release|Any CPU
	EndGlobalSection
	GlobalSection(SolutionProperties) = preSolution
		HideSolutionNode = FALSE
	EndGlobalSection
	GlobalSection(ExtensibilityGlobals) = postSolution
		SolutionGuid = {03E47538-41AB-4D58-9782-524A8413998C}
	EndGlobalSection
EndGlobal
